{
  "name": "@ayayaq/vivi-cli",
  "version": "0.1.0-dev.0",
  "lockfileVersion": 3,
  "requires": true,
  "packages": {
    "": {
      "name": "@ayayaq/vivi-cli",
      "version": "0.1.0-dev.0",
      "bundleDependencies": [
        "@ayayaq/vivi"
      ],
      "license": "Apache-2.0",
      "dependencies": {
        "@ayayaq/vivi": "file:vendor/ayayaq-vivi-0.2.0-dev.0.tgz"
      },
      "bin": {
        "vivi": "dist/main.js"
      },
      "devDependencies": {
        "@types/node": "26.2.0",
        "typescript": "6.0.3"
      },
      "engines": {
        "node": ">=22"
      }
    },
    "node_modules/@ayayaq/vivi": {
      "version": "0.2.0-dev.0",
      "resolved": "file:vendor/ayayaq-vivi-0.2.0-dev.0.tgz",
      "integrity": "sha512-kl53sn5hbEOtOaTM3guzYReu8EWBrZFfJ5VZlZAo5ViStogKHlNM4q67z40oq9P3usF6UdyTrJQmUwx4+eZozQ==",
      "inBundle": true,
      "license": "Apache-2.0",
      "engines": {
        "node": ">=22"
      }
    },
    "node_modules/@types/node": {
      "version": "26.2.0",
      "resolved": "https://registry.npmjs.org/@types/node/-/node-26.2.0.tgz",
      "integrity": "sha512-5IviulTZeRNp2vAJ514cc/HUlY5nZ9fCbq9DMyC52BrhFZACo3nI0R7qBxhQmo/d27NFe96ur/b7Wwxklda+kg==",
      "dev": true,
      "license": "MIT",
      "dependencies": {
        "undici-types": "~8.3.0"
      }
    },
    "node_modules/typescript": {
      "version": "6.0.3",
      "resolved": "https://registry.npmjs.org/typescript/-/typescript-6.0.3.tgz",
      "integrity": "sha512-y2TvuxSZPDyQakkFRPZHKFm+KKVqIisdg9/CZwm9ftvKXLP8NRWj38/ODjNbr43SsoXqNuAisEf1GdCxqWcdBw==",
      "dev": true,
      "license": "Apache-2.0",
      "bin": {
        "tsc": "bin/tsc",
        "tsserver": "bin/tsserver"
      },
      "engines": {
        "node": ">=14.17"
      }
    },
    "node_modules/undici-types": {
      "version": "8.3.0",
      "resolved": "https://registry.npmjs.org/undici-types/-/undici-types-8.3.0.tgz",
      "integrity": "sha512-j375ScV60dom+YkPFIfTLcOiPxkN/buHz5GobjLhixFuANaNs3C9l4GmrWqejgXWJ7BbJcFYpTEUkS1Ge8bpZQ==",
      "dev": true,
      "license": "MIT"
    }
  }
}
